// !$*UTF8*$!
{
	archiveVersion = 1;
	classes = {
	};
	objectVersion = 46;
	objects = {

/* Begin PBXBuildFile section */
		05CB105C1C1AB85A00C19BF6 /* Model.swift in Sources */ = {isa = PBXBuildFile; fileRef = 05CB105B1C1AB85A00C19BF6 /* Model.swift */; settings = {ASSET_TAGS = (); }; };
		05EA4F821C171213008C2636 /* AppDelegate.swift in Sources */ = {isa = PBXBuildFile; fileRef = 05EA4F811C171213008C2636 /* AppDelegate.swift */; };
		05EA4F841C171213008C2636 /* ViewController.swift in Sources */ = {isa = PBXBuildFile; fileRef = 05EA4F831C171213008C2636 /* ViewController.swift */; };
		05EA4F871C171213008C2636 /* Main.storyboard in Resources */ = {isa = PBXBuildFile; fileRef = 05EA4F851C171213008C2636 /* Main.storyboard */; };
		05EA4F891C171213008C2636 /* Assets.xcassets in Resources */ = {isa = PBXBuildFile; fileRef = 05EA4F881C171213008C2636 /* Assets.xcassets */; };
		05EA4F8C1C171213008C2636 /* LaunchScreen.storyboard in Resources */ = {isa = PBXBuildFile; fileRef = 05EA4F8A1C171213008C2636 /* LaunchScreen.storyboard */; };
		05EA4F971C171213008C2636 /* Exercise_1208Tests.swift in Sources */ = {isa = PBXBuildFile; fileRef = 05EA4F961C171213008C2636 /* Exercise_1208Tests.swift */; };
		05EA4FA21C171213008C2636 /* Exercise_1208UITests.swift in Sources */ = {isa = PBXBuildFile; fileRef = 05EA4FA11C171213008C2636 /* Exercise_1208UITests.swift */; };
		05EA4FB01C17125A008C2636 /* SecondViewController.swift in Sources */ = {isa = PBXBuildFile; fileRef = 05EA4FAF1C17125A008C2636 /* SecondViewController.swift */; settings = {ASSET_TAGS = (); }; };
/* End PBXBuildFile section */

/* Begin PBXContainerItemProxy section */
		05EA4F931C171213008C2636 /* PBXContainerItemProxy */ = {
			isa = PBXContainerItemProxy;
			containerPortal = 05EA4F761C171213008C2636 /* Project object */;
			proxyType = 1;
			remoteGlobalIDString = 05EA4F7D1C171213008C2636;
			remoteInfo = Exercise_1208;
		};
		05EA4F9E1C171213008C2636 /* PBXContainerItemProxy */ = {
			isa = PBXContainerItemProxy;
			containerPortal = 05EA4F761C171213008C2636 /* Project object */;
			proxyType = 1;
			remoteGlobalIDString = 05EA4F7D1C171213008C2636;
			remoteInfo = Exercise_1208;
		};
/* End PBXContainerItemProxy section */

/* Begin PBXFileReference section */
		05CB105B1C1AB85A00C19BF6 /* Model.swift */ = {isa = PBXFileReference; fileEncoding = 4; lastKnownFileType = sourcecode.swift; path = Model.swift; sourceTree = "<group>"; };
		05EA4F7E1C171213008C2636 /* Exercise_1208.app */ = {isa = PBXFileReference; explicitFileType = wrapper.application; includeInIndex = 0; path = Exercise_1208.app; sourceTree = BUILT_PRODUCTS_DIR; };
		05EA4F811C171213008C2636 /* AppDelegate.swift */ = {isa = PBXFileReference; lastKnownFileType = sourcecode.swift; path = AppDelegate.swift; sourceTree = "<group>"; };
		05EA4F831C171213008C2636 /* ViewController.swift */ = {isa = PBXFileReference; lastKnownFileType = sourcecode.swift; path = ViewController.swift; sourceTree = "<group>"; };
		05EA4F861C171213008C2636 /* Base */ = {isa = PBXFileReference; lastKnownFileType = file.storyboard; name = Base; path = Base.lproj/Main.storyboard; sourceTree = "<group>"; };
		05EA4F881C171213008C2636 /* Assets.xcassets */ = {isa = PBXFileReference; lastKnownFileType = folder.assetcatalog; path = Assets.xcassets; sourceTree = "<group>"; };
		05EA4F8B1C171213008C2636 /* Base */ = {isa = PBXFileReference; lastKnownFileType = file.storyboard; name = Base; path = Base.lproj/LaunchScreen.storyboard; sourceTree = "<group>"; };
		05EA4F8D1C171213008C2636 /* Info.plist */ = {isa = PBXFileReference; lastKnownFileType = text.plist.xml; path = Info.plist; sourceTree = "<group>"; };
		05EA4F921C171213008C2636 /* Exercise_1208Tests.xctest */ = {isa = PBXFileReference; explicitFileType = wrapper.cfbundle; includeInIndex = 0; path = Exercise_1208Tests.xctest; sourceTree = BUILT_PRODUCTS_DIR; };
		05EA4F961C171213008C2636 /* Exercise_1208Tests.swift */ = {isa = PBXFileReference; lastKnownFileType = sourcecode.swift; path = Exercise_1208Tests.swift; sourceTree = "<group>"; };
		05EA4F981C171213008C2636 /* Info.plist */ = {isa = PBXFileReference; lastKnownFileType = text.plist.xml; path = Info.plist; sourceTree = "<group>"; };
		05EA4F9D1C171213008C2636 /* Exercise_1208UITests.xctest */ = {isa = PBXFileReference; explicitFileType = wrapper.cfbundle; includeInIndex = 0; path = Exercise_1208UITests.xctest; sourceTree = BUILT_PRODUCTS_DIR; };
		05EA4FA11C171213008C2636 /* Exercise_1208UITests.swift */ = {isa = PBXFileReference; lastKnownFileType = sourcecode.swift; path = Exercise_1208UITests.swift; sourceTree = "<group>"; };
		05EA4FA31C171213008C2636 /* Info.plist */ = {isa = PBXFileReference; lastKnownFileType = text.plist.xml; path = Info.plist; sourceTree = "<group>"; };
		05EA4FAF1C17125A008C2636 /* SecondViewController.swift */ = {isa = PBXFileReference; fileEncoding = 4; lastKnownFileType = sourcecode.swift; path = SecondViewController.swift; sourceTree = "<group>"; };
/* End PBXFileReference section */

/* Begin PBXFrameworksBuildPhase section */
		05EA4F7B1C171213008C2636 /* Frameworks */ = {
			isa = PBXFrameworksBuildPhase;
			buildActionMask = 2147483647;
			files = (
			);
			runOnlyForDeploymentPostprocessing = 0;
		};
		05EA4F8F1C171213008C2636 /* Frameworks */ = {
			isa = PBXFrameworksBuildPhase;
			buildActionMask = 2147483647;
			files = (
			);
			runOnlyForDeploymentPostprocessing = 0;
		};
		05EA4F9A1C171213008C2636 /* Frameworks */ = {
			isa = PBXFrameworksBuildPhase;
			buildActionMask = 2147483647;
			files = (
			);
			runOnlyForDeploymentPostprocessing = 0;
		};
/* End PBXFrameworksBuildPhase section */

/* Begin PBXGroup section */
		05EA4F751C171213008C2636 = {
			isa = PBXGroup;
			children = (
				05EA4F801C171213008C2636 /* Exercise_1208 */,
				05EA4F951C171213008C2636 /* Exercise_1208Tests */,
				05EA4FA01C171213008C2636 /* Exercise_1208UITests */,
				05EA4F7F1C171213008C2636 /* Products */,
			);
			sourceTree = "<group>";
		};
		05EA4F7F1C171213008C2636 /* Products */ = {
			isa = PBXGroup;
			children = (
				05EA4F7E1C171213008C2636 /* Exercise_1208.app */,
				05EA4F921C171213008C2636 /* Exercise_1208Tests.xctest */,
				05EA4F9D1C171213008C2636 /* Exercise_1208UITests.xctest */,
			);
			name = Products;
			sourceTree = "<group>";
		};
		05EA4F801C171213008C2636 /* Exercise_1208 */ = {
			isa = PBXGroup;
			children = (
				05EA4F811C171213008C2636 /* AppDelegate.swift */,
				05EA4F831C171213008C2636 /* ViewController.swift */,
				05EA4F851C171213008C2636 /* Main.storyboard */,
				05EA4F881C171213008C2636 /* Assets.xcassets */,
				05EA4F8A1C171213008C2636 /* LaunchScreen.storyboard */,
				05EA4F8D1C171213008C2636 /* Info.plist */,
				05EA4FAF1C17125A008C2636 /* SecondViewController.swift */,
				05CB105B1C1AB85A00C19BF6 /* Model.swift */,
			);
			path = Exercise_1208;
			sourceTree = "<group>";
		};
		05EA4F951C171213008C2636 /* Exercise_1208Tests */ = {
			isa = PBXGroup;
			children = (
				05EA4F961C171213008C2636 /* Exercise_1208Tests.swift */,
				05EA4F981C171213008C2636 /* Info.plist */,
			);
			path = Exercise_1208Tests;
			sourceTree = "<group>";
		};
		05EA4FA01C171213008C2636 /* Exercise_1208UITests */ = {
			isa = PBXGroup;
			children = (
				05EA4FA11C171213008C2636 /* Exercise_1208UITests.swift */,
				05EA4FA31C171213008C2636 /* Info.plist */,
			);
			path = Exercise_1208UITests;
			sourceTree = "<group>";
		};
/* End PBXGroup section */

/* Begin PBXNativeTarget section */
		05EA4F7D1C171213008C2636 /* Exercise_1208 */ = {
			isa = PBXNativeTarget;
			buildConfigurationList = 05EA4FA61C171213008C2636 /* Build configuration list for PBXNativeTarget "Exercise_1208" */;
			buildPhases = (
				05EA4F7A1C171213008C2636 /* Sources */,
				05EA4F7B1C171213008C2636 /* Frameworks */,
				05EA4F7C1C171213008C2636 /* Resources */,
			);
			buildRules = (
			);
			dependencies = (
			);
			name = Exercise_1208;
			productName = Exercise_1208;
			productReference = 05EA4F7E1C171213008C2636 /* Exercise_1208.app */;
			productType = "com.apple.product-type.application";
		};
		05EA4F911C171213008C2636 /* Exercise_1208Tests */ = {
			isa = PBXNativeTarget;
			buildConfigurationList = 05EA4FA91C171213008C2636 /* Build configuration list for PBXNativeTarget "Exercise_1208Tests" */;
			buildPhases = (
				05EA4F8E1C171213008C2636 /* Sources */,
				05EA4F8F1C171213008C2636 /* Frameworks */,
				05EA4F901C171213008C2636 /* Resources */,
			);
			buildRules = (
			);
			dependencies = (
				05EA4F941C171213008C2636 /* PBXTargetDependency */,
			);
			name = Exercise_1208Tests;
			productName = Exercise_1208Tests;
			productReference = 05EA4F921C171213008C2636 /* Exercise_1208Tests.xctest */;
			productType = "com.apple.product-type.bundle.unit-test";
		};
		05EA4F9C1C171213008C2636 /* Exercise_1208UITests */ = {
			isa = PBXNativeTarget;
			buildConfigurationList = 05EA4FAC1C171213008C2636 /* Build configuration list for PBXNativeTarget "Exercise_1208UITests" */;
			buildPhases = (
				05EA4F991C171213008C2636 /* Sources */,
				05EA4F9A1C171213008C2636 /* Frameworks */,
				05EA4F9B1C171213008C2636 /* Resources */,
			);
			buildRules = (
			);
			dependencies = (
				05EA4F9F1C171213008C2636 /* PBXTargetDependency */,
			);
			name = Exercise_1208UITests;
			productName = Exercise_1208UITests;
			productReference = 05EA4F9D1C171213008C2636 /* Exercise_1208UITests.xctest */;
			productType = "com.apple.product-type.bundle.ui-testing";
		};
/* End PBXNativeTarget section */

/* Begin PBXProject section */
		05EA4F761C171213008C2636 /* Project object */ = {
			isa = PBXProject;
			attributes = {
				LastUpgradeCheck = 0700;
				ORGANIZATIONNAME = Balwant;
				TargetAttributes = {
					05EA4F7D1C171213008C2636 = {
						CreatedOnToolsVersion = 7.0.1;
					};
					05EA4F911C171213008C2636 = {
						CreatedOnToolsVersion = 7.0.1;
						TestTargetID = 05EA4F7D1C171213008C2636;
					};
					05EA4F9C1C171213008C2636 = {
						CreatedOnToolsVersion = 7.0.1;
						TestTargetID = 05EA4F7D1C171213008C2636;
					};
				};
			};
			buildConfigurationList = 05EA4F791C171213008C2636 /* Build configuration list for PBXProject "Exercise_1208" */;
			compatibilityVersion = "Xcode 3.2";
			developmentRegion = English;
			hasScannedForEncodings = 0;
			knownRegions = (
				en,
				Base,
			);
			mainGroup = 05EA4F751C171213008C2636;
			productRefGroup = 05EA4F7F1C171213008C2636 /* Products */;
			projectDirPath = "";
			projectRoot = "";
			targets = (
				05EA4F7D1C171213008C2636 /* Exercise_1208 */,
				05EA4F911C171213008C2636 /* Exercise_1208Tests */,
				05EA4F9C1C171213008C2636 /* Exercise_1208UITests */,
			);
		};
/* End PBXProject section */

/* Begin PBXResourcesBuildPhase section */
		05EA4F7C1C171213008C2636 /* Resources */ = {
			isa = PBXResourcesBuildPhase;
			buildActionMask = 2147483647;
			files = (
				05EA4F8C1C171213008C2636 /* LaunchScreen.storyboard in Resources */,
				05EA4F891C171213008C2636 /* Assets.xcassets in Resources */,
				05EA4F871C171213008C2636 /* Main.storyboard in Resources */,
			);
			runOnlyForDeploymentPostprocessing = 0;
		};
		05EA4F901C171213008C2636 /* Resources */ = {
			isa = PBXResourcesBuildPhase;
			buildActionMask = 2147483647;
			files = (
			);
			runOnlyForDeploymentPostprocessing = 0;
		};
		05EA4F9B1C171213008C2636 /* Resources */ = {
			isa = PBXResourcesBuildPhase;
			buildActionMask = 2147483647;
			files = (
			);
			runOnlyForDeploymentPostprocessing = 0;
		};
/* End PBXResourcesBuildPhase section */

/* Begin PBXSourcesBuildPhase section */
		05EA4F7A1C171213008C2636 /* Sources */ = {
			isa = PBXSourcesBuildPhase;
			buildActionMask = 2147483647;
			files = (
				05EA4FB01C17125A008C2636 /* SecondViewController.swift in Sources */,
				05EA4F841C171213008C2636 /* ViewController.swift in Sources */,
				05EA4F821C171213008C2636 /* AppDelegate.swift in Sources */,
				05CB105C1C1AB85A00C19BF6 /* Model.swift in Sources */,
			);
			runOnlyForDeploymentPostprocessing = 0;
		};
		05EA4F8E1C171213008C2636 /* Sources */ = {
			isa = PBXSourcesBuildPhase;
			buildActionMask = 2147483647;
			files = (
				05EA4F971C171213008C2636 /* Exercise_1208Tests.swift in Sources */,
			);
			runOnlyForDeploymentPostprocessing = 0;
		};
		05EA4F991C171213008C2636 /* Sources */ = {
			isa = PBXSourcesBuildPhase;
			buildActionMask = 2147483647;
			files = (
				05EA4FA21C171213008C2636 /* Exercise_1208UITests.swift in Sources */,
			);
			runOnlyForDeploymentPostprocessing = 0;
		};
/* End PBXSourcesBuildPhase section */

/* Begin PBXTargetDependency section */
		05EA4F941C171213008C2636 /* PBXTargetDependency */ = {
			isa = PBXTargetDependency;
			target = 05EA4F7D1C171213008C2636 /* Exercise_1208 */;
			targetProxy = 05EA4F931C171213008C2636 /* PBXContainerItemProxy */;
		};
		05EA4F9F1C171213008C2636 /* PBXTargetDependency */ = {
			isa = PBXTargetDependency;
			target = 05EA4F7D1C171213008C2636 /* Exercise_1208 */;
			targetProxy = 05EA4F9E1C171213008C2636 /* PBXContainerItemProxy */;
		};
/* End PBXTargetDependency section */

/* Begin PBXVariantGroup section */
		05EA4F851C171213008C2636 /* Main.storyboard */ = {
			isa = PBXVariantGroup;
			children = (
				05EA4F861C171213008C2636 /* Base */,
			);
			name = Main.storyboard;
			sourceTree = "<group>";
		};
		05EA4F8A1C171213008C2636 /* LaunchScreen.storyboard */ = {
			isa = PBXVariantGroup;
			children = (
				05EA4F8B1C171213008C2636 /* Base */,
			);
			name = LaunchScreen.storyboard;
			sourceTree = "<group>";
		};
/* End PBXVariantGroup section */

/* Begin XCBuildConfiguration section */
		05EA4FA41C171213008C2636 /* Debug */ = {
			isa = XCBuildConfiguration;
			buildSettings = {
				ALWAYS_SEARCH_USER_PATHS = NO;
				CLANG_CXX_LANGUAGE_STANDARD = "gnu++0x";
				CLANG_CXX_LIBRARY = "libc++";
				CLANG_ENABLE_MODULES = YES;
				CLANG_ENABLE_OBJC_ARC = YES;
				CLANG_WARN_BOOL_CONVERSION = YES;
				CLANG_WARN_CONSTANT_CONVERSION = YES;
				CLANG_WARN_DIRECT_OBJC_ISA_USAGE = YES_ERROR;
				CLANG_WARN_EMPTY_BODY = YES;
				CLANG_WARN_ENUM_CONVERSION = YES;
				CLANG_WARN_INT_CONVERSION = YES;
				CLANG_WARN_OBJC_ROOT_CLASS = YES_ERROR;
				CLANG_WARN_UNREACHABLE_CODE = YES;
				CLANG_WARN__DUPLICATE_METHOD_MATCH = YES;
				"CODE_SIGN_IDENTITY[sdk=iphoneos*]" = "iPhone Developer";
				COPY_PHASE_STRIP = NO;
				DEBUG_INFORMATION_FORMAT = dwarf;
				ENABLE_STRICT_OBJC_MSGSEND = YES;
				ENABLE_TESTABILITY = YES;
				GCC_C_LANGUAGE_STANDARD = gnu99;
				GCC_DYNAMIC_NO_PIC = NO;
				GCC_NO_COMMON_BLOCKS = YES;
				GCC_OPTIMIZATION_LEVEL = 0;
				GCC_PREPROCESSOR_DEFINITIONS = (
					"DEBUG=1",
					"$(inherited)",
				);
				GCC_WARN_64_TO_32_BIT_CONVERSION = YES;
				GCC_WARN_ABOUT_RETURN_TYPE = YES_ERROR;
				GCC_WARN_UNDECLARED_SELECTOR = YES;
				GCC_WARN_UNINITIALIZED_AUTOS = YES_AGGRESSIVE;
				GCC_WARN_UNUSED_FUNCTION = YES;
				GCC_WARN_UNUSED_VARIABLE = YES;
				IPHONEOS_DEPLOYMENT_TARGET = 9.0;
				MTL_ENABLE_DEBUG_INFO = YES;
				ONLY_ACTIVE_ARCH = YES;
				SDKROOT = iphoneos;
				SWIFT_OPTIMIZATION_LEVEL = "-Onone";
			};
			name = Debug;
		};
		05EA4FA51C171213008C2636 /* Release */ = {
			isa = XCBuildConfiguration;
			buildSettings = {
				ALWAYS_SEARCH_USER_PATHS = NO;
				CLANG_CXX_LANGUAGE_STANDARD = "gnu++0x";
				CLANG_CXX_LIBRARY = "libc++";
				CLANG_ENABLE_MODULES = YES;
				CLANG_ENABLE_OBJC_ARC = YES;
				CLANG_WARN_BOOL_CONVERSION = YES;
				CLANG_WARN_CONSTANT_CONVERSION = YES;
				CLANG_WARN_DIRECT_OBJC_ISA_USAGE = YES_ERROR;
				CLANG_WARN_EMPTY_BODY = YES;
				CLANG_WARN_ENUM_CONVERSION = YES;
				CLANG_WARN_INT_CONVERSION = YES;
				CLANG_WARN_OBJC_ROOT_CLASS = YES_ERROR;
				CLANG_WARN_UNREACHABLE_CODE = YES;
				CLANG_WARN__DUPLICATE_METHOD_MATCH = YES;
				"CODE_SIGN_IDENTITY[sdk=iphoneos*]" = "iPhone Developer";
				COPY_PHASE_STRIP = NO;
				DEBUG_INFORMATION_FORMAT = "dwarf-with-dsym";
				ENABLE_NS_ASSERTIONS = NO;
				ENABLE_STRICT_OBJC_MSGSEND = YES;
				GCC_C_LANGUAGE_STANDARD = gnu99;
				GCC_NO_COMMON_BLOCKS = YES;
				GCC_WARN_64_TO_32_BIT_CONVERSION = YES;
				GCC_WARN_ABOUT_RETURN_TYPE = YES_ERROR;
				GCC_WARN_UNDECLARED_SELECTOR = YES;
				GCC_WARN_UNINITIALIZED_AUTOS = YES_AGGRESSIVE;
				GCC_WARN_UNUSED_FUNCTION = YES;
				GCC_WARN_UNUSED_VARIABLE = YES;
				IPHONEOS_DEPLOYMENT_TARGET = 9.0;
				MTL_ENABLE_DEBUG_INFO = NO;
				SDKROOT = iphoneos;
				VALIDATE_PRODUCT = YES;
			};
			name = Release;
		};
		05EA4FA71C171213008C2636 /* Debug */ = {
			isa = XCBuildConfiguration;
			buildSettings = {
				ASSETCATALOG_COMPILER_APPICON_NAME = AppIcon;
				INFOPLIST_FILE = Exercise_1208/Info.plist;
				LD_RUNPATH_SEARCH_PATHS = "$(inherited) @executable_path/Frameworks";
				PRODUCT_BUNDLE_IDENTIFIER = "sg.com.balwant.Exercise-1208";
				PRODUCT_NAME = "$(TARGET_NAME)";
			};
			name = Debug;
		};
		05EA4FA81C171213008C2636 /* Release */ = {
			isa = XCBuildConfiguration;
			buildSettings = {
				ASSETCATALOG_COMPILER_APPICON_NAME = AppIcon;
				INFOPLIST_FILE = Exercise_1208/Info.plist;
				LD_RUNPATH_SEARCH_PATHS = "$(inherited) @executable_path/Frameworks";
				PRODUCT_BUNDLE_IDENTIFIER = "sg.com.balwant.Exercise-1208";
				PRODUCT_NAME = "$(TARGET_NAME)";
			};
			name = Release;
		};
		05EA4FAA1C171213008C2636 /* Debug */ = {
			isa = XCBuildConfiguration;
			buildSettings = {
				BUNDLE_LOADER = "$(TEST_HOST)";
				INFOPLIST_FILE = Exercise_1208Tests/Info.plist;
				LD_RUNPATH_SEARCH_PATHS = "$(inherited) @executable_path/Frameworks @loader_path/Frameworks";
				PRODUCT_BUNDLE_IDENTIFIER = "sg.com.balwant.Exercise-1208Tests";
				PRODUCT_NAME = "$(TARGET_NAME)";
				TEST_HOST = "$(BUILT_PRODUCTS_DIR)/Exercise_1208.app/Exercise_1208";
			};
			name = Debug;
		};
		05EA4FAB1C171213008C2636 /* Release */ = {
			isa = XCBuildConfiguration;
			buildSettings = {
				BUNDLE_LOADER = "$(TEST_HOST)";
				INFOPLIST_FILE = Exercise_1208Tests/Info.plist;
				LD_RUNPATH_SEARCH_PATHS = "$(inherited) @executable_path/Frameworks @loader_path/Frameworks";
				PRODUCT_BUNDLE_IDENTIFIER = "sg.com.balwant.Exercise-1208Tests";
				PRODUCT_NAME = "$(TARGET_NAME)";
				TEST_HOST = "$(BUILT_PRODUCTS_DIR)/Exercise_1208.app/Exercise_1208";
			};
			name = Release;
		};
		05EA4FAD1C171213008C2636 /* Debug */ = {
			isa = XCBuildConfiguration;
			buildSettings = {
				INFOPLIST_FILE = Exercise_1208UITests/Info.plist;
				LD_RUNPATH_SEARCH_PATHS = "$(inherited) @executable_path/Frameworks @loader_path/Frameworks";
				PRODUCT_BUNDLE_IDENTIFIER = "sg.com.balwant.Exercise-1208UITests";
				PRODUCT_NAME = "$(TARGET_NAME)";
				TEST_TARGET_NAME = Exercise_1208;
				USES_XCTRUNNER = YES;
			};
			name = Debug;
		};
		05EA4FAE1C171213008C2636 /* Release */ = {
			isa = XCBuildConfiguration;
			buildSettings = {
				INFOPLIST_FILE = Exercise_1208UITests/Info.plist;
				LD_RUNPATH_SEARCH_PATHS = "$(inherited) @executable_path/Frameworks @loader_path/Frameworks";
				PRODUCT_BUNDLE_IDENTIFIER = "sg.com.balwant.Exercise-1208UITests";
				PRODUCT_NAME = "$(TARGET_NAME)";
				TEST_TARGET_NAME = Exercise_1208;
				USES_XCTRUNNER = YES;
			};
			name = Release;
		};
/* End XCBuildConfiguration section */

/* Begin XCConfigurationList section */
		05EA4F791C171213008C2636 /* Build configuration list for PBXProject "Exercise_1208" */ = {
			isa = XCConfigurationList;
			buildConfigurations = (
				05EA4FA41C171213008C2636 /* Debug */,
				05EA4FA51C171213008C2636 /* Release */,
			);
			defaultConfigurationIsVisible = 0;
			defaultConfigurationName = Release;
		};
		05EA4FA61C171213008C2636 /* Build configuration list for PBXNativeTarget "Exercise_1208" */ = {
			isa = XCConfigurationList;
			buildConfigurations = (
				05EA4FA71C171213008C2636 /* Debug */,
				05EA4FA81C171213008C2636 /* Release */,
			);
			defaultConfigurationIsVisible = 0;
			defaultConfigurationName = Release;
		};
		05EA4FA91C171213008C2636 /* Build configuration list for PBXNativeTarget "Exercise_1208Tests" */ = {
			isa = XCConfigurationList;
			buildConfigurations = (
				05EA4FAA1C171213008C2636 /* Debug */,
				05EA4FAB1C171213008C2636 /* Release */,
			);
			defaultConfigurationIsVisible = 0;
			defaultConfigurationName = Release;
		};
		05EA4FAC1C171213008C2636 /* Build configuration list for PBXNativeTarget "Exercise_1208UITests" */ = {
			isa = XCConfigurationList;
			buildConfigurations = (
				05EA4FAD1C171213008C2636 /* Debug */,
				05EA4FAE1C171213008C2636 /* Release */,
			);
			defaultConfigurationIsVisible = 0;
			defaultConfigurationName = Release;
		};
/* End XCConfigurationList section */
	};
	rootObject = 05EA4F761C171213008C2636 /* Project object */;
}
